
Microsoft Visual Studio Solution File, Format Version 12.00
# Visual Studio Version 17
VisualStudioVersion = 17.0.31903.59
MinimumVisualStudioVersion = 10.0.40219.1
Project("{2150E333-8FDC-42A3-9474-1A3956D46DE8}") = "src", "src", "{E1939391-5C93-430C-879F-EAA182D347EB}"
EndProject
Project("{FAE04EC0-301F-11D3-BF4B-00C04F79EFBC}") = "FrcToolsuite.Core", "src\FrcToolsuite.Core\FrcToolsuite.Core.csproj", "{3A7408F5-90AC-4859-9E6C-753A88AAFC28}"
EndProject
Project("{FAE04EC0-301F-11D3-BF4B-00C04F79EFBC}") = "FrcToolsuite.Gui", "src\FrcToolsuite.Gui\FrcToolsuite.Gui.csproj", "{45D1B4A5-C02A-499A-AE2A-85FB75FAEA81}"
EndProject
Project("{FAE04EC0-301F-11D3-BF4B-00C04F79EFBC}") = "FrcToolsuite.Cli", "src\FrcToolsuite.Cli\FrcToolsuite.Cli.csproj", "{470FE96A-B234-4294-B854-7F023A34B6C5}"
EndProject
Project("{FAE04EC0-301F-11D3-BF4B-00C04F79EFBC}") = "FrcToolsuite.Platform.Windows", "src\FrcToolsuite.Platform.Windows\FrcToolsuite.Platform.Windows.csproj", "{379A75CA-6CCA-4C3E-BD50-A77CC1115199}"
EndProject
Project("{FAE04EC0-301F-11D3-BF4B-00C04F79EFBC}") = "FrcToolsuite.Platform.macOS", "src\FrcToolsuite.Platform.macOS\FrcToolsuite.Platform.macOS.csproj", "{63903D90-3FDC-421F-B0D1-319BF93DE5DA}"
EndProject
Project("{FAE04EC0-301F-11D3-BF4B-00C04F79EFBC}") = "FrcToolsuite.Platform.Linux", "src\FrcToolsuite.Platform.Linux\FrcToolsuite.Platform.Linux.csproj", "{DBA6C656-3219-49BA-919F-88453DE5C23C}"
EndProject
Project("{2150E333-8FDC-42A3-9474-1A3956D46DE8}") = "tests", "tests", "{7E8E866E-1890-4853-A70E-A51C1CE55171}"
EndProject
Project("{FAE04EC0-301F-11D3-BF4B-00C04F79EFBC}") = "FrcToolsuite.Core.Tests", "tests\FrcToolsuite.Core.Tests\FrcToolsuite.Core.Tests.csproj", "{D9186ADB-34CB-4BDD-8979-08E2AF9D3702}"
EndProject
Project("{FAE04EC0-301F-11D3-BF4B-00C04F79EFBC}") = "FrcToolsuite.TestHarness", "tests\FrcToolsuite.TestHarness\FrcToolsuite.TestHarness.csproj", "{1CBE862D-94D1-43E5-B7EE-CC57643DD503}"
EndProject
Global
	GlobalSection(SolutionConfigurationPlatforms) = preSolution
		Debug|Any CPU = Debug|Any CPU
		Release|Any CPU = Release|Any CPU
	EndGlobalSection
	GlobalSection(SolutionProperties) = preSolution
		HideSolutionNode = FALSE
	EndGlobalSection
	GlobalSection(ProjectConfigurationPlatforms) = postSolution
		{3A7408F5-90AC-4859-9E6C-753A88AAFC28}.Debug|Any CPU.ActiveCfg = Debug|Any CPU
		{3A7408F5-90AC-4859-9E6C-753A88AAFC28}.Debug|Any CPU.Build.0 = Debug|Any CPU
		{3A7408F5-90AC-4859-9E6C-753A88AAFC28}.Release|Any CPU.ActiveCfg = Release|Any CPU
		{3A7408F5-90AC-4859-9E6C-753A88AAFC28}.Release|Any CPU.Build.0 = Release|Any CPU
		{45D1B4A5-C02A-499A-AE2A-85FB75FAEA81}.Debug|Any CPU.ActiveCfg = Debug|Any CPU
		{45D1B4A5-C02A-499A-AE2A-85FB75FAEA81}.Debug|Any CPU.Build.0 = Debug|Any CPU
		{45D1B4A5-C02A-499A-AE2A-85FB75FAEA81}.Release|Any CPU.ActiveCfg = Release|Any CPU
		{45D1B4A5-C02A-499A-AE2A-85FB75FAEA81}.Release|Any CPU.Build.0 = Release|Any CPU
		{470FE96A-B234-4294-B854-7F023A34B6C5}.Debug|Any CPU.ActiveCfg = Debug|Any CPU
		{470FE96A-B234-4294-B854-7F023A34B6C5}.Debug|Any CPU.Build.0 = Debug|Any CPU
		{470FE96A-B234-4294-B854-7F023A34B6C5}.Release|Any CPU.ActiveCfg = Release|Any CPU
		{470FE96A-B234-4294-B854-7F023A34B6C5}.Release|Any CPU.Build.0 = Release|Any CPU
		{379A75CA-6CCA-4C3E-BD50-A77CC1115199}.Debug|Any CPU.ActiveCfg = Debug|Any CPU
		{379A75CA-6CCA-4C3E-BD50-A77CC1115199}.Debug|Any CPU.Build.0 = Debug|Any CPU
		{379A75CA-6CCA-4C3E-BD50-A77CC1115199}.Release|Any CPU.ActiveCfg = Release|Any CPU
		{379A75CA-6CCA-4C3E-BD50-A77CC1115199}.Release|Any CPU.Build.0 = Release|Any CPU
		{63903D90-3FDC-421F-B0D1-319BF93DE5DA}.Debug|Any CPU.ActiveCfg = Debug|Any CPU
		{63903D90-3FDC-421F-B0D1-319BF93DE5DA}.Debug|Any CPU.Build.0 = Debug|Any CPU
		{63903D90-3FDC-421F-B0D1-319BF93DE5DA}.Release|Any CPU.ActiveCfg = Release|Any CPU
		{63903D90-3FDC-421F-B0D1-319BF93DE5DA}.Release|Any CPU.Build.0 = Release|Any CPU
		{DBA6C656-3219-49BA-919F-88453DE5C23C}.Debug|Any CPU.ActiveCfg = Debug|Any CPU
		{DBA6C656-3219-49BA-919F-88453DE5C23C}.Debug|Any CPU.Build.0 = Debug|Any CPU
		{DBA6C656-3219-49BA-919F-88453DE5C23C}.Release|Any CPU.ActiveCfg = Release|Any CPU
		{DBA6C656-3219-49BA-919F-88453DE5C23C}.Release|Any CPU.Build.0 = Release|Any CPU
		{D9186ADB-34CB-4BDD-8979-08E2AF9D3702}.Debug|Any CPU.ActiveCfg = Debug|Any CPU
		{D9186ADB-34CB-4BDD-8979-08E2AF9D3702}.Debug|Any CPU.Build.0 = Debug|Any CPU
		{D9186ADB-34CB-4BDD-8979-08E2AF9D3702}.Release|Any CPU.ActiveCfg = Release|Any CPU
		{D9186ADB-34CB-4BDD-8979-08E2AF9D3702}.Release|Any CPU.Build.0 = Release|Any CPU
		{1CBE862D-94D1-43E5-B7EE-CC57643DD503}.Debug|Any CPU.ActiveCfg = Debug|Any CPU
		{1CBE862D-94D1-43E5-B7EE-CC57643DD503}.Debug|Any CPU.Build.0 = Debug|Any CPU
		{1CBE862D-94D1-43E5-B7EE-CC57643DD503}.Release|Any CPU.ActiveCfg = Release|Any CPU
		{1CBE862D-94D1-43E5-B7EE-CC57643DD503}.Release|Any CPU.Build.0 = Release|Any CPU
	EndGlobalSection
	GlobalSection(NestedProjects) = preSolution
		{3A7408F5-90AC-4859-9E6C-753A88AAFC28} = {E1939391-5C93-430C-879F-EAA182D347EB}
		{45D1B4A5-C02A-499A-AE2A-85FB75FAEA81} = {E1939391-5C93-430C-879F-EAA182D347EB}
		{470FE96A-B234-4294-B854-7F023A34B6C5} = {E1939391-5C93-430C-879F-EAA182D347EB}
		{379A75CA-6CCA-4C3E-BD50-A77CC1115199} = {E1939391-5C93-430C-879F-EAA182D347EB}
		{63903D90-3FDC-421F-B0D1-319BF93DE5DA} = {E1939391-5C93-430C-879F-EAA182D347EB}
		{DBA6C656-3219-49BA-919F-88453DE5C23C} = {E1939391-5C93-430C-879F-EAA182D347EB}
		{D9186ADB-34CB-4BDD-8979-08E2AF9D3702} = {7E8E866E-1890-4853-A70E-A51C1CE55171}
		{1CBE862D-94D1-43E5-B7EE-CC57643DD503} = {7E8E866E-1890-4853-A70E-A51C1CE55171}
	EndGlobalSection
EndGlobal
